
Microsoft Visual Studio Solution File, Format Version 12.00
# Visual Studio Version 17
VisualStudioVersion = 17.14.37203.1 d17.14
MinimumVisualStudioVersion = 10.0.40219.1
Project("{FAE04EC0-301F-11D3-BF4B-00C04F79EFBC}") = "MyFirstAppReviewing", "MyFirstAppReviewing.csproj", "{07330DB1-E492-4104-A2FA-02AC830697C9}"
EndProject
Global
	GlobalSection(SolutionConfigurationPlatforms) = preSolution
		Debug|Any CPU = Debug|Any CPU
		Release|Any CPU = Release|Any CPU
	EndGlobalSection
	GlobalSection(ProjectConfigurationPlatforms) = postSolution
		{07330DB1-E492-4104-A2FA-02AC830697C9}.Debug|Any CPU.ActiveCfg = Debug|Any CPU
		{07330DB1-E492-4104-A2FA-02AC830697C9}.Debug|Any CPU.Build.0 = Debug|Any CPU
		{07330DB1-E492-4104-A2FA-02AC830697C9}.Release|Any CPU.ActiveCfg = Release|Any CPU
		{07330DB1-E492-4104-A2FA-02AC830697C9}.Release|Any CPU.Build.0 = Release|Any CPU
	EndGlobalSection
	GlobalSection(SolutionProperties) = preSolution
		HideSolutionNode = FALSE
	EndGlobalSection
	GlobalSection(ExtensibilityGlobals) = postSolution
		SolutionGuid = {F7E5EBBB-98D5-4154-9914-C9614B56EAB1}
	EndGlobalSection
EndGlobal
