
Microsoft Visual Studio Solution File, Format Version 12.00
# Visual Studio Version 17
VisualStudioVersion = 17.14.37203.1 d17.14
MinimumVisualStudioVersion = 10.0.40219.1
Project("{FAE04EC0-301F-11D3-BF4B-00C04F79EFBC}") = "AppRunMethod", "AppRunMethod.csproj", "{46EFBAF6-B048-4535-9842-48BC0879F972}"
EndProject
Global
	GlobalSection(SolutionConfigurationPlatforms) = preSolution
		Debug|Any CPU = Debug|Any CPU
		Release|Any CPU = Release|Any CPU
	EndGlobalSection
	GlobalSection(ProjectConfigurationPlatforms) = postSolution
		{46EFBAF6-B048-4535-9842-48BC0879F972}.Debug|Any CPU.ActiveCfg = Debug|Any CPU
		{46EFBAF6-B048-4535-9842-48BC0879F972}.Debug|Any CPU.Build.0 = Debug|Any CPU
		{46EFBAF6-B048-4535-9842-48BC0879F972}.Release|Any CPU.ActiveCfg = Release|Any CPU
		{46EFBAF6-B048-4535-9842-48BC0879F972}.Release|Any CPU.Build.0 = Release|Any CPU
	EndGlobalSection
	GlobalSection(SolutionProperties) = preSolution
		HideSolutionNode = FALSE
	EndGlobalSection
	GlobalSection(ExtensibilityGlobals) = postSolution
		SolutionGuid = {559E29A8-F478-401C-A964-6DD7C027DB97}
	EndGlobalSection
EndGlobal
