
Microsoft Visual Studio Solution File, Format Version 12.00
# Visual Studio Version 17
VisualStudioVersion = 17.14.37203.1 d17.14
MinimumVisualStudioVersion = 10.0.40219.1
Project("{FAE04EC0-301F-11D3-BF4B-00C04F79EFBC}") = "Exercise1_HttpHeaders", "Exercise1_HttpHeaders.csproj", "{4ACDDB61-ECB4-46A4-A7BD-FA3BFAF579D2}"
EndProject
Global
	GlobalSection(SolutionConfigurationPlatforms) = preSolution
		Debug|Any CPU = Debug|Any CPU
		Release|Any CPU = Release|Any CPU
	EndGlobalSection
	GlobalSection(ProjectConfigurationPlatforms) = postSolution
		{4ACDDB61-ECB4-46A4-A7BD-FA3BFAF579D2}.Debug|Any CPU.ActiveCfg = Debug|Any CPU
		{4ACDDB61-ECB4-46A4-A7BD-FA3BFAF579D2}.Debug|Any CPU.Build.0 = Debug|Any CPU
		{4ACDDB61-ECB4-46A4-A7BD-FA3BFAF579D2}.Release|Any CPU.ActiveCfg = Release|Any CPU
		{4ACDDB61-ECB4-46A4-A7BD-FA3BFAF579D2}.Release|Any CPU.Build.0 = Release|Any CPU
	EndGlobalSection
	GlobalSection(SolutionProperties) = preSolution
		HideSolutionNode = FALSE
	EndGlobalSection
	GlobalSection(ExtensibilityGlobals) = postSolution
		SolutionGuid = {CF7E5941-4855-43A4-B4FF-633CF94312E6}
	EndGlobalSection
EndGlobal
