
Microsoft Visual Studio Solution File, Format Version 12.00
# Visual Studio Version 17
VisualStudioVersion = 17.14.36705.20 d17.14
MinimumVisualStudioVersion = 10.0.40219.1
Project("{FAE04EC0-301F-11D3-BF4B-00C04F79EFBC}") = "MyFirstApp", "MyFirstApp.csproj", "{C2BC9C37-A23C-41BA-A9C0-CE3A31681EBE}"
EndProject
Global
	GlobalSection(SolutionConfigurationPlatforms) = preSolution
		Debug|Any CPU = Debug|Any CPU
		Release|Any CPU = Release|Any CPU
	EndGlobalSection
	GlobalSection(ProjectConfigurationPlatforms) = postSolution
		{C2BC9C37-A23C-41BA-A9C0-CE3A31681EBE}.Debug|Any CPU.ActiveCfg = Debug|Any CPU
		{C2BC9C37-A23C-41BA-A9C0-CE3A31681EBE}.Debug|Any CPU.Build.0 = Debug|Any CPU
		{C2BC9C37-A23C-41BA-A9C0-CE3A31681EBE}.Release|Any CPU.ActiveCfg = Release|Any CPU
		{C2BC9C37-A23C-41BA-A9C0-CE3A31681EBE}.Release|Any CPU.Build.0 = Release|Any CPU
	EndGlobalSection
	GlobalSection(SolutionProperties) = preSolution
		HideSolutionNode = FALSE
	EndGlobalSection
	GlobalSection(ExtensibilityGlobals) = postSolution
		SolutionGuid = {FCEDCF47-698D-484D-83BF-67CB8D736577}
	EndGlobalSection
EndGlobal
