
Microsoft Visual Studio Solution File, Format Version 12.00
# Visual Studio Version 17
VisualStudioVersion = 17.14.37502.11 d17.14
MinimumVisualStudioVersion = 10.0.40219.1
Project("{FAE04EC0-301F-11D3-BF4B-00C04F79EFBC}") = "aspnet_pro021_WebRootAndUseStaticFiles", "aspnet_pro021_WebRootAndUseStaticFiles.csproj", "{D4CB1F92-9C50-4207-9381-C597352BEA36}"
EndProject
Global
	GlobalSection(SolutionConfigurationPlatforms) = preSolution
		Debug|Any CPU = Debug|Any CPU
		Release|Any CPU = Release|Any CPU
	EndGlobalSection
	GlobalSection(ProjectConfigurationPlatforms) = postSolution
		{D4CB1F92-9C50-4207-9381-C597352BEA36}.Debug|Any CPU.ActiveCfg = Debug|Any CPU
		{D4CB1F92-9C50-4207-9381-C597352BEA36}.Debug|Any CPU.Build.0 = Debug|Any CPU
		{D4CB1F92-9C50-4207-9381-C597352BEA36}.Release|Any CPU.ActiveCfg = Release|Any CPU
		{D4CB1F92-9C50-4207-9381-C597352BEA36}.Release|Any CPU.Build.0 = Release|Any CPU
	EndGlobalSection
	GlobalSection(SolutionProperties) = preSolution
		HideSolutionNode = FALSE
	EndGlobalSection
	GlobalSection(ExtensibilityGlobals) = postSolution
		SolutionGuid = {5FE35481-9039-43E6-BBF3-A0E8A06A12B9}
	EndGlobalSection
EndGlobal
