
Microsoft Visual Studio Solution File, Format Version 12.00
# Visual Studio Version 17
VisualStudioVersion = 17.14.37502.11 d17.14
MinimumVisualStudioVersion = 10.0.40219.1
Project("{FAE04EC0-301F-11D3-BF4B-00C04F79EFBC}") = "aspnet_pro024_ControllerWithMultipleActions", "aspnet_pro024_ControllerWithMultipleActions.csproj", "{02401868-7975-4258-ABDE-4EB354D94C9F}"
EndProject
Global
	GlobalSection(SolutionConfigurationPlatforms) = preSolution
		Debug|Any CPU = Debug|Any CPU
		Release|Any CPU = Release|Any CPU
	EndGlobalSection
	GlobalSection(ProjectConfigurationPlatforms) = postSolution
		{02401868-7975-4258-ABDE-4EB354D94C9F}.Debug|Any CPU.ActiveCfg = Debug|Any CPU
		{02401868-7975-4258-ABDE-4EB354D94C9F}.Debug|Any CPU.Build.0 = Debug|Any CPU
		{02401868-7975-4258-ABDE-4EB354D94C9F}.Release|Any CPU.ActiveCfg = Release|Any CPU
		{02401868-7975-4258-ABDE-4EB354D94C9F}.Release|Any CPU.Build.0 = Release|Any CPU
	EndGlobalSection
	GlobalSection(SolutionProperties) = preSolution
		HideSolutionNode = FALSE
	EndGlobalSection
	GlobalSection(ExtensibilityGlobals) = postSolution
		SolutionGuid = {1E9CBA3F-1421-43A8-A2AD-A46334DECD1C}
	EndGlobalSection
EndGlobal
