
Microsoft Visual Studio Solution File, Format Version 12.00
# Visual Studio Version 17
VisualStudioVersion = 17.14.37203.1 d17.14
MinimumVisualStudioVersion = 10.0.40219.1
Project("{FAE04EC0-301F-11D3-BF4B-00C04F79EFBC}") = "RequestHeadersDictionary", "RequestHeadersDictionary.csproj", "{FF26ADBA-7190-4009-85D7-71C68328612C}"
EndProject
Global
	GlobalSection(SolutionConfigurationPlatforms) = preSolution
		Debug|Any CPU = Debug|Any CPU
		Release|Any CPU = Release|Any CPU
	EndGlobalSection
	GlobalSection(ProjectConfigurationPlatforms) = postSolution
		{FF26ADBA-7190-4009-85D7-71C68328612C}.Debug|Any CPU.ActiveCfg = Debug|Any CPU
		{FF26ADBA-7190-4009-85D7-71C68328612C}.Debug|Any CPU.Build.0 = Debug|Any CPU
		{FF26ADBA-7190-4009-85D7-71C68328612C}.Release|Any CPU.ActiveCfg = Release|Any CPU
		{FF26ADBA-7190-4009-85D7-71C68328612C}.Release|Any CPU.Build.0 = Release|Any CPU
	EndGlobalSection
	GlobalSection(SolutionProperties) = preSolution
		HideSolutionNode = FALSE
	EndGlobalSection
	GlobalSection(ExtensibilityGlobals) = postSolution
		SolutionGuid = {41E3B86A-4FCE-4063-9D5F-FE95FEFE145D}
	EndGlobalSection
EndGlobal
